
Microsoft Visual Studio Solution File, Format Version 12.00
# Visual Studio 15
VisualStudioVersion = 15.0.28307.136
MinimumVisualStudioVersion = 10.0.40219.1
Project("{9A19103F-16F7-4668-BE54-9A1E7A4F7556}") = "CoreWebEmptyApp", "CoreWebEmptyApp\CoreWebEmptyApp.csproj", "{B5FA09E6-836E-4693-8A25-1A36242CF4CC}"
EndProject
Project("{FAE04EC0-301F-11D3-BF4B-00C04F79EFBC}") = "XUnitTestProject1", "XUnitTestProject1\XUnitTestProject1.csproj", "{E62452A5-479B-4A2C-A76D-A1102E11BFB8}"
EndProject
Global
	GlobalSection(SolutionConfigurationPlatforms) = preSolution
		Debug|Any CPU = Debug|Any CPU
		Release|Any CPU = Release|Any CPU
	EndGlobalSection
	GlobalSection(ProjectConfigurationPlatforms) = postSolution
		{B5FA09E6-836E-4693-8A25-1A36242CF4CC}.Debug|Any CPU.ActiveCfg = Debug|Any CPU
		{B5FA09E6-836E-4693-8A25-1A36242CF4CC}.Debug|Any CPU.Build.0 = Debug|Any CPU
		{B5FA09E6-836E-4693-8A25-1A36242CF4CC}.Release|Any CPU.ActiveCfg = Release|Any CPU
		{B5FA09E6-836E-4693-8A25-1A36242CF4CC}.Release|Any CPU.Build.0 = Release|Any CPU
		{E62452A5-479B-4A2C-A76D-A1102E11BFB8}.Debug|Any CPU.ActiveCfg = Debug|Any CPU
		{E62452A5-479B-4A2C-A76D-A1102E11BFB8}.Debug|Any CPU.Build.0 = Debug|Any CPU
		{E62452A5-479B-4A2C-A76D-A1102E11BFB8}.Release|Any CPU.ActiveCfg = Release|Any CPU
		{E62452A5-479B-4A2C-A76D-A1102E11BFB8}.Release|Any CPU.Build.0 = Release|Any CPU
	EndGlobalSection
	GlobalSection(SolutionProperties) = preSolution
		HideSolutionNode = FALSE
	EndGlobalSection
	GlobalSection(ExtensibilityGlobals) = postSolution
		SolutionGuid = {32362C69-209E-4B48-A1D5-CE3D3ED82CB7}
	EndGlobalSection
EndGlobal
